
Microsoft Visual Studio Solution File, Format Version 12.00
# Visual Studio Version 16
VisualStudioVersion = 16.0.30611.23
MinimumVisualStudioVersion = 10.0.40219.1
Project("{888888A0-9F3D-457C-B088-3A5042F75D52}") = "FerryToHelsinkiBot", "FerryToHelsinkiBot.pyproj", "{D86D641A-442C-49D5-A809-F679AB46D041}"
EndProject
Global
	GlobalSection(SolutionConfigurationPlatforms) = preSolution
		Debug|Any CPU = Debug|Any CPU
		Release|Any CPU = Release|Any CPU
	EndGlobalSection
	GlobalSection(ProjectConfigurationPlatforms) = postSolution
		{D86D641A-442C-49D5-A809-F679AB46D041}.Debug|Any CPU.ActiveCfg = Debug|Any CPU
		{D86D641A-442C-49D5-A809-F679AB46D041}.Release|Any CPU.ActiveCfg = Release|Any CPU
	EndGlobalSection
	GlobalSection(SolutionProperties) = preSolution
		HideSolutionNode = FALSE
	EndGlobalSection
	GlobalSection(ExtensibilityGlobals) = postSolution
		SolutionGuid = {A222D840-89A3-48CB-AFA4-A9F3E56C2ED3}
	EndGlobalSection
EndGlobal
